
Microsoft Visual Studio Solution File, Format Version 12.00
# Visual Studio Version 16
VisualStudioVersion = 16.0.30114.105
MinimumVisualStudioVersion = 10.0.40219.1
Project("{FAE04EC0-301F-11D3-BF4B-00C04F79EFBC}") = "Aprende con Geo-Preguntas", "Aprende con Geo-Preguntas.csproj", "{2A546257-1A52-4488-9A65-09DABBE5DBBD}"
EndProject
Global
	GlobalSection(SolutionConfigurationPlatforms) = preSolution
		Debug|Any CPU = Debug|Any CPU
		Release|Any CPU = Release|Any CPU
	EndGlobalSection
	GlobalSection(ProjectConfigurationPlatforms) = postSolution
		{2A546257-1A52-4488-9A65-09DABBE5DBBD}.Debug|Any CPU.ActiveCfg = Debug|Any CPU
		{2A546257-1A52-4488-9A65-09DABBE5DBBD}.Debug|Any CPU.Build.0 = Debug|Any CPU
		{2A546257-1A52-4488-9A65-09DABBE5DBBD}.Release|Any CPU.ActiveCfg = Release|Any CPU
		{2A546257-1A52-4488-9A65-09DABBE5DBBD}.Release|Any CPU.Build.0 = Release|Any CPU
	EndGlobalSection
	GlobalSection(SolutionProperties) = preSolution
		HideSolutionNode = FALSE
	EndGlobalSection
	GlobalSection(ExtensibilityGlobals) = postSolution
		SolutionGuid = {777ACB5C-D418-4CD6-8525-E45E859E5D9E}
	EndGlobalSection
EndGlobal
